{
  "name": "images",
  "version": "0.0.1",
  "lockfileVersion": 1,
  "requires": true,
  "dependencies": {
    "@phc/format": {
      "version": "0.4.2",
      "resolved": "https://registry.npmjs.org/@phc/format/-/format-0.4.2.tgz",
      "integrity": "sha512-4UhR3nSQYhIULx8L+y2xWbAemlJ6cyVkmxj8V1L+SycRS2tE86v2ZW7kDfAMkiyiwd2jB9rttsfe8UlUoikq/Q==",
      "requires": {
        "safe-buffer": "5.1.2"
      }
    },
    "any-promise": {
      "version": "1.3.0",
      "resolved": "https://registry.npmjs.org/any-promise/-/any-promise-1.3.0.tgz",
      "integrity": "sha1-q8av7tzqUugJzcA3au0845Y10X8="
    },
    "argon2": {
      "version": "0.18.3",
      "resolved": "https://registry.npmjs.org/argon2/-/argon2-0.18.3.tgz",
      "integrity": "sha1-/UPvYulu5Ha+qoliW4GgVsjKWCQ=",
      "requires": {
        "@phc/format": "0.4.2",
        "any-promise": "1.3.0",
        "bindings": "1.3.0",
        "nan": "2.10.0"
      }
    },
    "better-sqlite3": {
      "version": "4.1.0",
      "resolved": "https://registry.npmjs.org/better-sqlite3/-/better-sqlite3-4.1.0.tgz",
      "integrity": "sha512-IYcH1F14DfdIzDzSg7TF+0b+GpYmf6UFgV0ZWsaaczy548/S5LFMkYeKHl8EAOQQb1mSHt0lkJA0BGHMRwGOcg==",
      "requires": {
        "bindings": "1.3.0",
        "integer": "1.0.3",
        "lzz-gyp": "0.4.2"
      }
    },
    "bindings": {
      "version": "1.3.0",
      "resolved": "https://registry.npmjs.org/bindings/-/bindings-1.3.0.tgz",
      "integrity": "sha512-DpLh5EzMR2kzvX1KIlVC0VkC3iZtHKTgdtZ0a3pglBZdaQFjt5S9g9xd1lE+YvXyfd6mtCeRnrUfOLYiTMlNSw=="
    },
    "cookie": {
      "version": "0.3.1",
      "resolved": "https://registry.npmjs.org/cookie/-/cookie-0.3.1.tgz",
      "integrity": "sha1-5+Ch+e9DtMi6klxcWpboBtFoc7s="
    },
    "dotenv": {
      "version": "5.0.1",
      "resolved": "https://registry.npmjs.org/dotenv/-/dotenv-5.0.1.tgz",
      "integrity": "sha512-4As8uPrjfwb7VXC+WnLCbXK7y+Ueb2B3zgNCePYfhxS1PYeaO1YTeplffTEcbfLhvFNGLAz90VvJs9yomG7bow=="
    },
    "integer": {
      "version": "1.0.3",
      "resolved": "https://registry.npmjs.org/integer/-/integer-1.0.3.tgz",
      "integrity": "sha512-yXyGHha2cDP6qyc9EMR9SsRVYhD7gvmXgVdLhKbyE8seHx0WVo11RRRU1p+sQearQMe1Ezfc8prWx5BnmSaVVA==",
      "requires": {
        "bindings": "1.3.0"
      }
    },
    "lzz-gyp": {
      "version": "0.4.2",
      "resolved": "https://registry.npmjs.org/lzz-gyp/-/lzz-gyp-0.4.2.tgz",
      "integrity": "sha1-SVxEA0ofUMSKYPDvnCjUJ2Olspc="
    },
    "nan": {
      "version": "2.10.0",
      "resolved": "https://registry.npmjs.org/nan/-/nan-2.10.0.tgz",
      "integrity": "sha512-bAdJv7fBLhWC+/Bls0Oza+mvTaNQtP+1RyhhhvD95pgUJz6XM5IzgmxOkItJ9tkoCiplvAnXI1tNmmUD/eScyA=="
    },
    "safe-buffer": {
      "version": "5.1.2",
      "resolved": "https://registry.npmjs.org/safe-buffer/-/safe-buffer-5.1.2.tgz",
      "integrity": "sha512-Gd2UZBJDkXlY7GbJxfsE8/nvKkUEU1G38c1siN6QP6a9PT9MmHB8GnpscSmMJSoF8LOIrt8ud/wPtojys4G6+g=="
    }
  }
}
