{
  "name": "image-extractor",
  "version": "1.0.0",
  "lockfileVersion": 3,
  "requires": true,
  "packages": {
    "": {
      "name": "image-extractor",
      "version": "1.0.0",
      "license": "MIT",
      "dependencies": {
        "html-soup": "^2.0.0",
        "phin": "^3.3.0"
      },
      "devDependencies": {}
    },
    "node_modules/centra": {
      "version": "2.6.0",
      "resolved": "https://registry.npmjs.org/centra/-/centra-2.6.0.tgz",
      "integrity": "sha512-dgh+YleemrT8u85QL11Z6tYhegAs3MMxsaWAq/oXeAmYJ7VxL3SI9TZtnfaEvNDMAPolj25FXIb3S+HCI4wQaQ=="
    },
    "node_modules/html-soup": {
      "version": "2.0.0",
      "resolved": "https://registry.npmjs.org/html-soup/-/html-soup-2.0.0.tgz",
      "integrity": "sha512-F/sTL70UNnlYke9+r/IbcrSbcdO6XKOM4+iZ+Kl8c9aMNl8EP1gdelSLC2zAMsMx9ihxNpgCFNXD+84jb/P8rg=="
    },
    "node_modules/phin": {
      "version": "3.7.0",
      "resolved": "https://registry.npmjs.org/phin/-/phin-3.7.0.tgz",
      "integrity": "sha512-DqnVNrpYhKGBZppNKprD+UJylMeEKOZxHgPB+ZP6mGzf3uA2uox4Ep9tUm+rUc8WLIdHT3HcAE4X8fhwQA9JKg==",
      "dependencies": {
        "centra": "^2.6.0"
      },
      "engines": {
        "node": ">= 8"
      }
    }
  }
}
